// !$*UTF8*$!
{
	archiveVersion = 1;
	classes = {
	};
	objectVersion = 46;
	objects = {

/* Begin PBXBuildFile section */
		4D435F541C17BBEB000B9F04 /* HAISearchBar.m in Sources */ = {isa = PBXBuildFile; fileRef = 4D435F531C17BBEB000B9F04 /* HAISearchBar.m */; };
		4D435F571C17BCBD000B9F04 /* CustomSearchBarViewController.m in Sources */ = {isa = PBXBuildFile; fileRef = 4D435F561C17BCBD000B9F04 /* CustomSearchBarViewController.m */; };
		4D435F5E1C1808BC000B9F04 /* 参考文件.m in Sources */ = {isa = PBXBuildFile; fileRef = 4D435F5D1C1808BC000B9F04 /* 参考文件.m */; };
		4D435F601C180922000B9F04 /* 参考文件效果.jpg in Resources */ = {isa = PBXBuildFile; fileRef = 4D435F5F1C180922000B9F04 /* 参考文件效果.jpg */; };
		4D5BA53C1C1700FD00515508 /* main.m in Sources */ = {isa = PBXBuildFile; fileRef = 4D5BA53B1C1700FD00515508 /* main.m */; };
		4D5BA53F1C1700FD00515508 /* AppDelegate.m in Sources */ = {isa = PBXBuildFile; fileRef = 4D5BA53E1C1700FD00515508 /* AppDelegate.m */; };
		4D5BA5421C1700FD00515508 /* ViewController.m in Sources */ = {isa = PBXBuildFile; fileRef = 4D5BA5411C1700FD00515508 /* ViewController.m */; };
		4D5BA5451C1700FD00515508 /* Main.storyboard in Resources */ = {isa = PBXBuildFile; fileRef = 4D5BA5431C1700FD00515508 /* Main.storyboard */; };
		4D5BA5471C1700FD00515508 /* Assets.xcassets in Resources */ = {isa = PBXBuildFile; fileRef = 4D5BA5461C1700FD00515508 /* Assets.xcassets */; };
		4D5BA54A1C1700FD00515508 /* LaunchScreen.storyboard in Resources */ = {isa = PBXBuildFile; fileRef = 4D5BA5481C1700FD00515508 /* LaunchScreen.storyboard */; };
		4D5BA5551C1700FD00515508 /* UISearchBar_____Tests.m in Sources */ = {isa = PBXBuildFile; fileRef = 4D5BA5541C1700FD00515508 /* UISearchBar_____Tests.m */; };
		4D5BA5601C1700FE00515508 /* UISearchBar_____UITests.m in Sources */ = {isa = PBXBuildFile; fileRef = 4D5BA55F1C1700FE00515508 /* UISearchBar_____UITests.m */; };
/* End PBXBuildFile section */

/* Begin PBXContainerItemProxy section */
		4D5BA5511C1700FD00515508 /* PBXContainerItemProxy */ = {
			isa = PBXContainerItemProxy;
			containerPortal = 4D5BA52F1C1700FD00515508 /* Project object */;
			proxyType = 1;
			remoteGlobalIDString = 4D5BA5361C1700FD00515508;
			remoteInfo = "UISearchBar自定义效果";
		};
		4D5BA55C1C1700FE00515508 /* PBXContainerItemProxy */ = {
			isa = PBXContainerItemProxy;
			containerPortal = 4D5BA52F1C1700FD00515508 /* Project object */;
			proxyType = 1;
			remoteGlobalIDString = 4D5BA5361C1700FD00515508;
			remoteInfo = "UISearchBar自定义效果";
		};
/* End PBXContainerItemProxy section */

/* Begin PBXFileReference section */
		4D435F521C17BBEB000B9F04 /* HAISearchBar.h */ = {isa = PBXFileReference; fileEncoding = 4; lastKnownFileType = sourcecode.c.h; path = HAISearchBar.h; sourceTree = "<group>"; };
		4D435F531C17BBEB000B9F04 /* HAISearchBar.m */ = {isa = PBXFileReference; fileEncoding = 4; lastKnownFileType = sourcecode.c.objc; path = HAISearchBar.m; sourceTree = "<group>"; };
		4D435F551C17BCBD000B9F04 /* CustomSearchBarViewController.h */ = {isa = PBXFileReference; fileEncoding = 4; lastKnownFileType = sourcecode.c.h; path = CustomSearchBarViewController.h; sourceTree = "<group>"; };
		4D435F561C17BCBD000B9F04 /* CustomSearchBarViewController.m */ = {isa = PBXFileReference; fileEncoding = 4; lastKnownFileType = sourcecode.c.objc; path = CustomSearchBarViewController.m; sourceTree = "<group>"; };
		4D435F5C1C1808BC000B9F04 /* 参考文件.h */ = {isa = PBXFileReference; fileEncoding = 4; lastKnownFileType = sourcecode.c.h; path = "参考文件.h"; sourceTree = "<group>"; };
		4D435F5D1C1808BC000B9F04 /* 参考文件.m */ = {isa = PBXFileReference; fileEncoding = 4; lastKnownFileType = sourcecode.c.objc; path = "参考文件.m"; sourceTree = "<group>"; };
		4D435F5F1C180922000B9F04 /* 参考文件效果.jpg */ = {isa = PBXFileReference; lastKnownFileType = image.jpeg; path = "参考文件效果.jpg"; sourceTree = "<group>"; };
		4D5BA5371C1700FD00515508 /* UISearchBar自定义效果.app */ = {isa = PBXFileReference; explicitFileType = wrapper.application; includeInIndex = 0; path = "UISearchBar自定义效果.app"; sourceTree = BUILT_PRODUCTS_DIR; };
		4D5BA53B1C1700FD00515508 /* main.m */ = {isa = PBXFileReference; lastKnownFileType = sourcecode.c.objc; path = main.m; sourceTree = "<group>"; };
		4D5BA53D1C1700FD00515508 /* AppDelegate.h */ = {isa = PBXFileReference; lastKnownFileType = sourcecode.c.h; path = AppDelegate.h; sourceTree = "<group>"; };
		4D5BA53E1C1700FD00515508 /* AppDelegate.m */ = {isa = PBXFileReference; lastKnownFileType = sourcecode.c.objc; path = AppDelegate.m; sourceTree = "<group>"; };
		4D5BA5401C1700FD00515508 /* ViewController.h */ = {isa = PBXFileReference; lastKnownFileType = sourcecode.c.h; path = ViewController.h; sourceTree = "<group>"; };
		4D5BA5411C1700FD00515508 /* ViewController.m */ = {isa = PBXFileReference; lastKnownFileType = sourcecode.c.objc; path = ViewController.m; sourceTree = "<group>"; };
		4D5BA5441C1700FD00515508 /* Base */ = {isa = PBXFileReference; lastKnownFileType = file.storyboard; name = Base; path = Base.lproj/Main.storyboard; sourceTree = "<group>"; };
		4D5BA5461C1700FD00515508 /* Assets.xcassets */ = {isa = PBXFileReference; lastKnownFileType = folder.assetcatalog; path = Assets.xcassets; sourceTree = "<group>"; };
		4D5BA5491C1700FD00515508 /* Base */ = {isa = PBXFileReference; lastKnownFileType = file.storyboard; name = Base; path = Base.lproj/LaunchScreen.storyboard; sourceTree = "<group>"; };
		4D5BA54B1C1700FD00515508 /* Info.plist */ = {isa = PBXFileReference; lastKnownFileType = text.plist.xml; path = Info.plist; sourceTree = "<group>"; };
		4D5BA5501C1700FD00515508 /* UISearchBar自定义效果Tests.xctest */ = {isa = PBXFileReference; explicitFileType = wrapper.cfbundle; includeInIndex = 0; path = "UISearchBar自定义效果Tests.xctest"; sourceTree = BUILT_PRODUCTS_DIR; };
		4D5BA5541C1700FD00515508 /* UISearchBar_____Tests.m */ = {isa = PBXFileReference; lastKnownFileType = sourcecode.c.objc; path = "UISearchBar_____Tests.m"; sourceTree = "<group>"; };
		4D5BA5561C1700FD00515508 /* Info.plist */ = {isa = PBXFileReference; lastKnownFileType = text.plist.xml; path = Info.plist; sourceTree = "<group>"; };
		4D5BA55B1C1700FE00515508 /* UISearchBar自定义效果UITests.xctest */ = {isa = PBXFileReference; explicitFileType = wrapper.cfbundle; includeInIndex = 0; path = "UISearchBar自定义效果UITests.xctest"; sourceTree = BUILT_PRODUCTS_DIR; };
		4D5BA55F1C1700FE00515508 /* UISearchBar_____UITests.m */ = {isa = PBXFileReference; lastKnownFileType = sourcecode.c.objc; path = "UISearchBar_____UITests.m"; sourceTree = "<group>"; };
		4D5BA5611C1700FE00515508 /* Info.plist */ = {isa = PBXFileReference; lastKnownFileType = text.plist.xml; path = Info.plist; sourceTree = "<group>"; };
/* End PBXFileReference section */

/* Begin PBXFrameworksBuildPhase section */
		4D5BA5341C1700FD00515508 /* Frameworks */ = {
			isa = PBXFrameworksBuildPhase;
			buildActionMask = 2147483647;
			files = (
			);
			runOnlyForDeploymentPostprocessing = 0;
		};
		4D5BA54D1C1700FD00515508 /* Frameworks */ = {
			isa = PBXFrameworksBuildPhase;
			buildActionMask = 2147483647;
			files = (
			);
			runOnlyForDeploymentPostprocessing = 0;
		};
		4D5BA5581C1700FD00515508 /* Frameworks */ = {
			isa = PBXFrameworksBuildPhase;
			buildActionMask = 2147483647;
			files = (
			);
			runOnlyForDeploymentPostprocessing = 0;
		};
/* End PBXFrameworksBuildPhase section */

/* Begin PBXGroup section */
		4D5BA52E1C1700FD00515508 = {
			isa = PBXGroup;
			children = (
				4D5BA5391C1700FD00515508 /* UISearchBar自定义效果 */,
				4D5BA5531C1700FD00515508 /* UISearchBar自定义效果Tests */,
				4D5BA55E1C1700FE00515508 /* UISearchBar自定义效果UITests */,
				4D5BA5381C1700FD00515508 /* Products */,
			);
			sourceTree = "<group>";
		};
		4D5BA5381C1700FD00515508 /* Products */ = {
			isa = PBXGroup;
			children = (
				4D5BA5371C1700FD00515508 /* UISearchBar自定义效果.app */,
				4D5BA5501C1700FD00515508 /* UISearchBar自定义效果Tests.xctest */,
				4D5BA55B1C1700FE00515508 /* UISearchBar自定义效果UITests.xctest */,
			);
			name = Products;
			sourceTree = "<group>";
		};
		4D5BA5391C1700FD00515508 /* UISearchBar自定义效果 */ = {
			isa = PBXGroup;
			children = (
				4D5BA53D1C1700FD00515508 /* AppDelegate.h */,
				4D5BA53E1C1700FD00515508 /* AppDelegate.m */,
				4D5BA5401C1700FD00515508 /* ViewController.h */,
				4D5BA5411C1700FD00515508 /* ViewController.m */,
				4D5BA5431C1700FD00515508 /* Main.storyboard */,
				4D5BA5461C1700FD00515508 /* Assets.xcassets */,
				4D5BA5481C1700FD00515508 /* LaunchScreen.storyboard */,
				4D5BA54B1C1700FD00515508 /* Info.plist */,
				4D5BA53A1C1700FD00515508 /* Supporting Files */,
				4D435F521C17BBEB000B9F04 /* HAISearchBar.h */,
				4D435F531C17BBEB000B9F04 /* HAISearchBar.m */,
				4D435F551C17BCBD000B9F04 /* CustomSearchBarViewController.h */,
				4D435F561C17BCBD000B9F04 /* CustomSearchBarViewController.m */,
			);
			path = "UISearchBar自定义效果";
			sourceTree = "<group>";
		};
		4D5BA53A1C1700FD00515508 /* Supporting Files */ = {
			isa = PBXGroup;
			children = (
				4D435F5F1C180922000B9F04 /* 参考文件效果.jpg */,
				4D5BA53B1C1700FD00515508 /* main.m */,
				4D435F5C1C1808BC000B9F04 /* 参考文件.h */,
				4D435F5D1C1808BC000B9F04 /* 参考文件.m */,
			);
			name = "Supporting Files";
			sourceTree = "<group>";
		};
		4D5BA5531C1700FD00515508 /* UISearchBar自定义效果Tests */ = {
			isa = PBXGroup;
			children = (
				4D5BA5541C1700FD00515508 /* UISearchBar_____Tests.m */,
				4D5BA5561C1700FD00515508 /* Info.plist */,
			);
			path = "UISearchBar自定义效果Tests";
			sourceTree = "<group>";
		};
		4D5BA55E1C1700FE00515508 /* UISearchBar自定义效果UITests */ = {
			isa = PBXGroup;
			children = (
				4D5BA55F1C1700FE00515508 /* UISearchBar_____UITests.m */,
				4D5BA5611C1700FE00515508 /* Info.plist */,
			);
			path = "UISearchBar自定义效果UITests";
			sourceTree = "<group>";
		};
/* End PBXGroup section */

/* Begin PBXNativeTarget section */
		4D5BA5361C1700FD00515508 /* UISearchBar自定义效果 */ = {
			isa = PBXNativeTarget;
			buildConfigurationList = 4D5BA5641C1700FE00515508 /* Build configuration list for PBXNativeTarget "UISearchBar自定义效果" */;
			buildPhases = (
				4D5BA5331C1700FD00515508 /* Sources */,
				4D5BA5341C1700FD00515508 /* Frameworks */,
				4D5BA5351C1700FD00515508 /* Resources */,
			);
			buildRules = (
			);
			dependencies = (
			);
			name = "UISearchBar自定义效果";
			productName = "UISearchBar自定义效果";
			productReference = 4D5BA5371C1700FD00515508 /* UISearchBar自定义效果.app */;
			productType = "com.apple.product-type.application";
		};
		4D5BA54F1C1700FD00515508 /* UISearchBar自定义效果Tests */ = {
			isa = PBXNativeTarget;
			buildConfigurationList = 4D5BA5671C1700FE00515508 /* Build configuration list for PBXNativeTarget "UISearchBar自定义效果Tests" */;
			buildPhases = (
				4D5BA54C1C1700FD00515508 /* Sources */,
				4D5BA54D1C1700FD00515508 /* Frameworks */,
				4D5BA54E1C1700FD00515508 /* Resources */,
			);
			buildRules = (
			);
			dependencies = (
				4D5BA5521C1700FD00515508 /* PBXTargetDependency */,
			);
			name = "UISearchBar自定义效果Tests";
			productName = "UISearchBar自定义效果Tests";
			productReference = 4D5BA5501C1700FD00515508 /* UISearchBar自定义效果Tests.xctest */;
			productType = "com.apple.product-type.bundle.unit-test";
		};
		4D5BA55A1C1700FD00515508 /* UISearchBar自定义效果UITests */ = {
			isa = PBXNativeTarget;
			buildConfigurationList = 4D5BA56A1C1700FE00515508 /* Build configuration list for PBXNativeTarget "UISearchBar自定义效果UITests" */;
			buildPhases = (
				4D5BA5571C1700FD00515508 /* Sources */,
				4D5BA5581C1700FD00515508 /* Frameworks */,
				4D5BA5591C1700FD00515508 /* Resources */,
			);
			buildRules = (
			);
			dependencies = (
				4D5BA55D1C1700FE00515508 /* PBXTargetDependency */,
			);
			name = "UISearchBar自定义效果UITests";
			productName = "UISearchBar自定义效果UITests";
			productReference = 4D5BA55B1C1700FE00515508 /* UISearchBar自定义效果UITests.xctest */;
			productType = "com.apple.product-type.bundle.ui-testing";
		};
/* End PBXNativeTarget section */

/* Begin PBXProject section */
		4D5BA52F1C1700FD00515508 /* Project object */ = {
			isa = PBXProject;
			attributes = {
				LastUpgradeCheck = 0710;
				ORGANIZATIONNAME = huangchengdu;
				TargetAttributes = {
					4D5BA5361C1700FD00515508 = {
						CreatedOnToolsVersion = 7.1.1;
					};
					4D5BA54F1C1700FD00515508 = {
						CreatedOnToolsVersion = 7.1.1;
						TestTargetID = 4D5BA5361C1700FD00515508;
					};
					4D5BA55A1C1700FD00515508 = {
						CreatedOnToolsVersion = 7.1.1;
						TestTargetID = 4D5BA5361C1700FD00515508;
					};
				};
			};
			buildConfigurationList = 4D5BA5321C1700FD00515508 /* Build configuration list for PBXProject "UISearchBar自定义效果" */;
			compatibilityVersion = "Xcode 3.2";
			developmentRegion = English;
			hasScannedForEncodings = 0;
			knownRegions = (
				en,
				Base,
			);
			mainGroup = 4D5BA52E1C1700FD00515508;
			productRefGroup = 4D5BA5381C1700FD00515508 /* Products */;
			projectDirPath = "";
			projectRoot = "";
			targets = (
				4D5BA5361C1700FD00515508 /* UISearchBar自定义效果 */,
				4D5BA54F1C1700FD00515508 /* UISearchBar自定义效果Tests */,
				4D5BA55A1C1700FD00515508 /* UISearchBar自定义效果UITests */,
			);
		};
/* End PBXProject section */

/* Begin PBXResourcesBuildPhase section */
		4D5BA5351C1700FD00515508 /* Resources */ = {
			isa = PBXResourcesBuildPhase;
			buildActionMask = 2147483647;
			files = (
				4D5BA54A1C1700FD00515508 /* LaunchScreen.storyboard in Resources */,
				4D5BA5471C1700FD00515508 /* Assets.xcassets in Resources */,
				4D5BA5451C1700FD00515508 /* Main.storyboard in Resources */,
				4D435F601C180922000B9F04 /* 参考文件效果.jpg in Resources */,
			);
			runOnlyForDeploymentPostprocessing = 0;
		};
		4D5BA54E1C1700FD00515508 /* Resources */ = {
			isa = PBXResourcesBuildPhase;
			buildActionMask = 2147483647;
			files = (
			);
			runOnlyForDeploymentPostprocessing = 0;
		};
		4D5BA5591C1700FD00515508 /* Resources */ = {
			isa = PBXResourcesBuildPhase;
			buildActionMask = 2147483647;
			files = (
			);
			runOnlyForDeploymentPostprocessing = 0;
		};
/* End PBXResourcesBuildPhase section */

/* Begin PBXSourcesBuildPhase section */
		4D5BA5331C1700FD00515508 /* Sources */ = {
			isa = PBXSourcesBuildPhase;
			buildActionMask = 2147483647;
			files = (
				4D5BA5421C1700FD00515508 /* ViewController.m in Sources */,
				4D435F5E1C1808BC000B9F04 /* 参考文件.m in Sources */,
				4D5BA53F1C1700FD00515508 /* AppDelegate.m in Sources */,
				4D435F541C17BBEB000B9F04 /* HAISearchBar.m in Sources */,
				4D435F571C17BCBD000B9F04 /* CustomSearchBarViewController.m in Sources */,
				4D5BA53C1C1700FD00515508 /* main.m in Sources */,
			);
			runOnlyForDeploymentPostprocessing = 0;
		};
		4D5BA54C1C1700FD00515508 /* Sources */ = {
			isa = PBXSourcesBuildPhase;
			buildActionMask = 2147483647;
			files = (
				4D5BA5551C1700FD00515508 /* UISearchBar_____Tests.m in Sources */,
			);
			runOnlyForDeploymentPostprocessing = 0;
		};
		4D5BA5571C1700FD00515508 /* Sources */ = {
			isa = PBXSourcesBuildPhase;
			buildActionMask = 2147483647;
			files = (
				4D5BA5601C1700FE00515508 /* UISearchBar_____UITests.m in Sources */,
			);
			runOnlyForDeploymentPostprocessing = 0;
		};
/* End PBXSourcesBuildPhase section */

/* Begin PBXTargetDependency section */
		4D5BA5521C1700FD00515508 /* PBXTargetDependency */ = {
			isa = PBXTargetDependency;
			target = 4D5BA5361C1700FD00515508 /* UISearchBar自定义效果 */;
			targetProxy = 4D5BA5511C1700FD00515508 /* PBXContainerItemProxy */;
		};
		4D5BA55D1C1700FE00515508 /* PBXTargetDependency */ = {
			isa = PBXTargetDependency;
			target = 4D5BA5361C1700FD00515508 /* UISearchBar自定义效果 */;
			targetProxy = 4D5BA55C1C1700FE00515508 /* PBXContainerItemProxy */;
		};
/* End PBXTargetDependency section */

/* Begin PBXVariantGroup section */
		4D5BA5431C1700FD00515508 /* Main.storyboard */ = {
			isa = PBXVariantGroup;
			children = (
				4D5BA5441C1700FD00515508 /* Base */,
			);
			name = Main.storyboard;
			sourceTree = "<group>";
		};
		4D5BA5481C1700FD00515508 /* LaunchScreen.storyboard */ = {
			isa = PBXVariantGroup;
			children = (
				4D5BA5491C1700FD00515508 /* Base */,
			);
			name = LaunchScreen.storyboard;
			sourceTree = "<group>";
		};
/* End PBXVariantGroup section */

/* Begin XCBuildConfiguration section */
		4D5BA5621C1700FE00515508 /* Debug */ = {
			isa = XCBuildConfiguration;
			buildSettings = {
				ALWAYS_SEARCH_USER_PATHS = NO;
				CLANG_CXX_LANGUAGE_STANDARD = "gnu++0x";
				CLANG_CXX_LIBRARY = "libc++";
				CLANG_ENABLE_MODULES = YES;
				CLANG_ENABLE_OBJC_ARC = YES;
				CLANG_WARN_BOOL_CONVERSION = YES;
				CLANG_WARN_CONSTANT_CONVERSION = YES;
				CLANG_WARN_DIRECT_OBJC_ISA_USAGE = YES_ERROR;
				CLANG_WARN_EMPTY_BODY = YES;
				CLANG_WARN_ENUM_CONVERSION = YES;
				CLANG_WARN_INT_CONVERSION = YES;
				CLANG_WARN_OBJC_ROOT_CLASS = YES_ERROR;
				CLANG_WARN_UNREACHABLE_CODE = YES;
				CLANG_WARN__DUPLICATE_METHOD_MATCH = YES;
				"CODE_SIGN_IDENTITY[sdk=iphoneos*]" = "iPhone Developer";
				COPY_PHASE_STRIP = NO;
				DEBUG_INFORMATION_FORMAT = dwarf;
				ENABLE_STRICT_OBJC_MSGSEND = YES;
				ENABLE_TESTABILITY = YES;
				GCC_C_LANGUAGE_STANDARD = gnu99;
				GCC_DYNAMIC_NO_PIC = NO;
				GCC_NO_COMMON_BLOCKS = YES;
				GCC_OPTIMIZATION_LEVEL = 0;
				GCC_PREPROCESSOR_DEFINITIONS = (
					"DEBUG=1",
					"$(inherited)",
				);
				GCC_WARN_64_TO_32_BIT_CONVERSION = YES;
				GCC_WARN_ABOUT_RETURN_TYPE = YES_ERROR;
				GCC_WARN_UNDECLARED_SELECTOR = YES;
				GCC_WARN_UNINITIALIZED_AUTOS = YES_AGGRESSIVE;
				GCC_WARN_UNUSED_FUNCTION = YES;
				GCC_WARN_UNUSED_VARIABLE = YES;
				IPHONEOS_DEPLOYMENT_TARGET = 9.1;
				MTL_ENABLE_DEBUG_INFO = YES;
				ONLY_ACTIVE_ARCH = YES;
				SDKROOT = iphoneos;
				TARGETED_DEVICE_FAMILY = "1,2";
			};
			name = Debug;
		};
		4D5BA5631C1700FE00515508 /* Release */ = {
			isa = XCBuildConfiguration;
			buildSettings = {
				ALWAYS_SEARCH_USER_PATHS = NO;
				CLANG_CXX_LANGUAGE_STANDARD = "gnu++0x";
				CLANG_CXX_LIBRARY = "libc++";
				CLANG_ENABLE_MODULES = YES;
				CLANG_ENABLE_OBJC_ARC = YES;
				CLANG_WARN_BOOL_CONVERSION = YES;
				CLANG_WARN_CONSTANT_CONVERSION = YES;
				CLANG_WARN_DIRECT_OBJC_ISA_USAGE = YES_ERROR;
				CLANG_WARN_EMPTY_BODY = YES;
				CLANG_WARN_ENUM_CONVERSION = YES;
				CLANG_WARN_INT_CONVERSION = YES;
				CLANG_WARN_OBJC_ROOT_CLASS = YES_ERROR;
				CLANG_WARN_UNREACHABLE_CODE = YES;
				CLANG_WARN__DUPLICATE_METHOD_MATCH = YES;
				"CODE_SIGN_IDENTITY[sdk=iphoneos*]" = "iPhone Developer";
				COPY_PHASE_STRIP = NO;
				DEBUG_INFORMATION_FORMAT = "dwarf-with-dsym";
				ENABLE_NS_ASSERTIONS = NO;
				ENABLE_STRICT_OBJC_MSGSEND = YES;
				GCC_C_LANGUAGE_STANDARD = gnu99;
				GCC_NO_COMMON_BLOCKS = YES;
				GCC_WARN_64_TO_32_BIT_CONVERSION = YES;
				GCC_WARN_ABOUT_RETURN_TYPE = YES_ERROR;
				GCC_WARN_UNDECLARED_SELECTOR = YES;
				GCC_WARN_UNINITIALIZED_AUTOS = YES_AGGRESSIVE;
				GCC_WARN_UNUSED_FUNCTION = YES;
				GCC_WARN_UNUSED_VARIABLE = YES;
				IPHONEOS_DEPLOYMENT_TARGET = 9.1;
				MTL_ENABLE_DEBUG_INFO = NO;
				SDKROOT = iphoneos;
				TARGETED_DEVICE_FAMILY = "1,2";
				VALIDATE_PRODUCT = YES;
			};
			name = Release;
		};
		4D5BA5651C1700FE00515508 /* Debug */ = {
			isa = XCBuildConfiguration;
			buildSettings = {
				ASSETCATALOG_COMPILER_APPICON_NAME = AppIcon;
				INFOPLIST_FILE = "UISearchBar自定义效果/Info.plist";
				LD_RUNPATH_SEARCH_PATHS = "$(inherited) @executable_path/Frameworks";
				PRODUCT_BUNDLE_IDENTIFIER = "huangchengd.UISearchBar-----";
				PRODUCT_NAME = "$(TARGET_NAME)";
			};
			name = Debug;
		};
		4D5BA5661C1700FE00515508 /* Release */ = {
			isa = XCBuildConfiguration;
			buildSettings = {
				ASSETCATALOG_COMPILER_APPICON_NAME = AppIcon;
				INFOPLIST_FILE = "UISearchBar自定义效果/Info.plist";
				LD_RUNPATH_SEARCH_PATHS = "$(inherited) @executable_path/Frameworks";
				PRODUCT_BUNDLE_IDENTIFIER = "huangchengd.UISearchBar-----";
				PRODUCT_NAME = "$(TARGET_NAME)";
			};
			name = Release;
		};
		4D5BA5681C1700FE00515508 /* Debug */ = {
			isa = XCBuildConfiguration;
			buildSettings = {
				BUNDLE_LOADER = "$(TEST_HOST)";
				INFOPLIST_FILE = "UISearchBar自定义效果Tests/Info.plist";
				LD_RUNPATH_SEARCH_PATHS = "$(inherited) @executable_path/Frameworks @loader_path/Frameworks";
				PRODUCT_BUNDLE_IDENTIFIER = "huangchengd.UISearchBar-----Tests";
				PRODUCT_NAME = "$(TARGET_NAME)";
				TEST_HOST = "$(BUILT_PRODUCTS_DIR)/UISearchBar自定义效果.app/UISearchBar自定义效果";
			};
			name = Debug;
		};
		4D5BA5691C1700FE00515508 /* Release */ = {
			isa = XCBuildConfiguration;
			buildSettings = {
				BUNDLE_LOADER = "$(TEST_HOST)";
				INFOPLIST_FILE = "UISearchBar自定义效果Tests/Info.plist";
				LD_RUNPATH_SEARCH_PATHS = "$(inherited) @executable_path/Frameworks @loader_path/Frameworks";
				PRODUCT_BUNDLE_IDENTIFIER = "huangchengd.UISearchBar-----Tests";
				PRODUCT_NAME = "$(TARGET_NAME)";
				TEST_HOST = "$(BUILT_PRODUCTS_DIR)/UISearchBar自定义效果.app/UISearchBar自定义效果";
			};
			name = Release;
		};
		4D5BA56B1C1700FE00515508 /* Debug */ = {
			isa = XCBuildConfiguration;
			buildSettings = {
				INFOPLIST_FILE = "UISearchBar自定义效果UITests/Info.plist";
				LD_RUNPATH_SEARCH_PATHS = "$(inherited) @executable_path/Frameworks @loader_path/Frameworks";
				PRODUCT_BUNDLE_IDENTIFIER = "huangchengd.UISearchBar-----UITests";
				PRODUCT_NAME = "$(TARGET_NAME)";
				TEST_TARGET_NAME = "UISearchBar自定义效果";
				USES_XCTRUNNER = YES;
			};
			name = Debug;
		};
		4D5BA56C1C1700FE00515508 /* Release */ = {
			isa = XCBuildConfiguration;
			buildSettings = {
				INFOPLIST_FILE = "UISearchBar自定义效果UITests/Info.plist";
				LD_RUNPATH_SEARCH_PATHS = "$(inherited) @executable_path/Frameworks @loader_path/Frameworks";
				PRODUCT_BUNDLE_IDENTIFIER = "huangchengd.UISearchBar-----UITests";
				PRODUCT_NAME = "$(TARGET_NAME)";
				TEST_TARGET_NAME = "UISearchBar自定义效果";
				USES_XCTRUNNER = YES;
			};
			name = Release;
		};
/* End XCBuildConfiguration section */

/* Begin XCConfigurationList section */
		4D5BA5321C1700FD00515508 /* Build configuration list for PBXProject "UISearchBar自定义效果" */ = {
			isa = XCConfigurationList;
			buildConfigurations = (
				4D5BA5621C1700FE00515508 /* Debug */,
				4D5BA5631C1700FE00515508 /* Release */,
			);
			defaultConfigurationIsVisible = 0;
			defaultConfigurationName = Release;
		};
		4D5BA5641C1700FE00515508 /* Build configuration list for PBXNativeTarget "UISearchBar自定义效果" */ = {
			isa = XCConfigurationList;
			buildConfigurations = (
				4D5BA5651C1700FE00515508 /* Debug */,
				4D5BA5661C1700FE00515508 /* Release */,
			);
			defaultConfigurationIsVisible = 0;
			defaultConfigurationName = Release;
		};
		4D5BA5671C1700FE00515508 /* Build configuration list for PBXNativeTarget "UISearchBar自定义效果Tests" */ = {
			isa = XCConfigurationList;
			buildConfigurations = (
				4D5BA5681C1700FE00515508 /* Debug */,
				4D5BA5691C1700FE00515508 /* Release */,
			);
			defaultConfigurationIsVisible = 0;
			defaultConfigurationName = Release;
		};
		4D5BA56A1C1700FE00515508 /* Build configuration list for PBXNativeTarget "UISearchBar自定义效果UITests" */ = {
			isa = XCConfigurationList;
			buildConfigurations = (
				4D5BA56B1C1700FE00515508 /* Debug */,
				4D5BA56C1C1700FE00515508 /* Release */,
			);
			defaultConfigurationIsVisible = 0;
			defaultConfigurationName = Release;
		};
/* End XCConfigurationList section */
	};
	rootObject = 4D5BA52F1C1700FD00515508 /* Project object */;
}
